
Microsoft Visual Studio Solution File, Format Version 10.00
# Visual Studio 2008
Project("{E24C65DC-7377-472B-9ABA-BC803B73C61A}") = "TrustButVerify", "..\TrustButVerify", "{27A211B4-96EF-46E3-BE2A-7E1F58C1BD31}"
	ProjectSection(WebsiteProperties) = preProject
		TargetFramework = "2.0"
		Debug.AspNetCompiler.VirtualPath = "/TrustButVerify"
		Debug.AspNetCompiler.PhysicalPath = "C:\Projects\Personal\xeb\trunk\TrustButVerify\"
		Debug.AspNetCompiler.TargetPath = "PrecompiledWeb\TrustButVerify\"
		Debug.AspNetCompiler.Updateable = "true"
		Debug.AspNetCompiler.ForceOverwrite = "true"
		Debug.AspNetCompiler.FixedNames = "false"
		Debug.AspNetCompiler.Debug = "True"
		Release.AspNetCompiler.VirtualPath = "/TrustButVerify"
		Release.AspNetCompiler.PhysicalPath = "C:\Projects\Personal\xeb\trunk\TrustButVerify\"
		Release.AspNetCompiler.TargetPath = "PrecompiledWeb\TrustButVerify\"
		Release.AspNetCompiler.Updateable = "true"
		Release.AspNetCompiler.ForceOverwrite = "true"
		Release.AspNetCompiler.FixedNames = "false"
		Release.AspNetCompiler.Debug = "False"
		VWDPort = "1195"
	EndProjectSection
EndProject
Global
	GlobalSection(SolutionConfigurationPlatforms) = preSolution
		Debug|.NET = Debug|.NET
	EndGlobalSection
	GlobalSection(ProjectConfigurationPlatforms) = postSolution
		{27A211B4-96EF-46E3-BE2A-7E1F58C1BD31}.Debug|.NET.ActiveCfg = Debug|.NET
		{27A211B4-96EF-46E3-BE2A-7E1F58C1BD31}.Debug|.NET.Build.0 = Debug|.NET
	EndGlobalSection
	GlobalSection(SolutionProperties) = preSolution
		HideSolutionNode = FALSE
	EndGlobalSection
EndGlobal
